
Microsoft Visual Studio Solution File, Format Version 12.00
# Visual Studio Version 17
VisualStudioVersion = 17.9.34902.65
MinimumVisualStudioVersion = 10.0.40219.1
Project("{FAE04EC0-301F-11D3-BF4B-00C04F79EFBC}") = "SpiderGame", "SpiderGame.csproj", "{C3BDE6A2-D960-4C33-B42C-DBDAE6BBF1D0}"
EndProject
Global
	GlobalSection(SolutionConfigurationPlatforms) = preSolution
		Debug|Any CPU = Debug|Any CPU
		Release|Any CPU = Release|Any CPU
	EndGlobalSection
	GlobalSection(ProjectConfigurationPlatforms) = postSolution
		{C3BDE6A2-D960-4C33-B42C-DBDAE6BBF1D0}.Debug|Any CPU.ActiveCfg = Debug|Any CPU
		{C3BDE6A2-D960-4C33-B42C-DBDAE6BBF1D0}.Debug|Any CPU.Build.0 = Debug|Any CPU
		{C3BDE6A2-D960-4C33-B42C-DBDAE6BBF1D0}.Release|Any CPU.ActiveCfg = Release|Any CPU
		{C3BDE6A2-D960-4C33-B42C-DBDAE6BBF1D0}.Release|Any CPU.Build.0 = Release|Any CPU
	EndGlobalSection
	GlobalSection(SolutionProperties) = preSolution
		HideSolutionNode = FALSE
	EndGlobalSection
	GlobalSection(ExtensibilityGlobals) = postSolution
		SolutionGuid = {4DFC4BC6-54D6-46AB-86A1-810425B263EA}
	EndGlobalSection
EndGlobal
